{
  "object": {
    "pins": [
      {
        "package": "DSFRegex",
        "repositoryURL": "https://github.com/dagronf/DSFRegex",
        "state": {
          "branch": null,
          "revision": "f1ce5c208384bb238b07905d140c2e60182e3601",
          "version": "3.3.1"
        }
      },
      {
        "package": "TinyCSV",
        "repositoryURL": "https://github.com/dagronf/TinyCSV",
        "state": {
          "branch": null,
          "revision": "63f30830cd986de84cd844d59926cf1aa2009f0b",
          "version": "0.5.3"
        }
      }
    ]
  },
  "version": 1
}
