{
  "object": {
    "pins": [
      {
        "package": "DSFRegex",
        "repositoryURL": "https://github.com/dagronf/DSFRegex",
        "state": {
          "branch": null,
          "revision": "e0e64805519b23b08dcca9c83ca2d4a2b3de4c33",
          "version": "3.4.0"
        }
      },
      {
        "package": "TinyCSV",
        "repositoryURL": "https://github.com/dagronf/TinyCSV",
        "state": {
          "branch": null,
          "revision": "a354f61664eef13236f20c4eb5400b50a8844d5a",
          "version": "1.0.0"
        }
      }
    ]
  },
  "version": 1
}
