{
  "object": {
    "pins": [
      {
        "package": "BytesParser",
        "repositoryURL": "https://github.com/dagronf/BytesParser",
        "state": {
          "branch": null,
          "revision": "a091513c4059d336c8cbf0b9485fcba63bcba83a",
          "version": "3.2.1"
        }
      },
      {
        "package": "DSFRegex",
        "repositoryURL": "https://github.com/dagronf/DSFRegex",
        "state": {
          "branch": null,
          "revision": "c576aab25f88bcb4b549862e6269b6f90b917e0c",
          "version": "4.0.0"
        }
      },
      {
        "package": "TinyCSV",
        "repositoryURL": "https://github.com/dagronf/TinyCSV",
        "state": {
          "branch": null,
          "revision": "a354f61664eef13236f20c4eb5400b50a8844d5a",
          "version": "1.0.0"
        }
      }
    ]
  },
  "version": 1
}
